
Microsoft Visual Studio Solution File, Format Version 12.00
# Visual Studio Version 17
VisualStudioVersion = 17.5.33414.496
MinimumVisualStudioVersion = 10.0.40219.1
Project("{FAE04EC0-301F-11D3-BF4B-00C04F79EFBC}") = "SomaParesImpares", "SomaParesImpares\SomaParesImpares.csproj", "{C095B39C-7423-46F6-A97A-74AEFC49598B}"
EndProject
Global
	GlobalSection(SolutionConfigurationPlatforms) = preSolution
		Debug|Any CPU = Debug|Any CPU
		Release|Any CPU = Release|Any CPU
	EndGlobalSection
	GlobalSection(ProjectConfigurationPlatforms) = postSolution
		{C095B39C-7423-46F6-A97A-74AEFC49598B}.Debug|Any CPU.ActiveCfg = Debug|Any CPU
		{C095B39C-7423-46F6-A97A-74AEFC49598B}.Debug|Any CPU.Build.0 = Debug|Any CPU
		{C095B39C-7423-46F6-A97A-74AEFC49598B}.Release|Any CPU.ActiveCfg = Release|Any CPU
		{C095B39C-7423-46F6-A97A-74AEFC49598B}.Release|Any CPU.Build.0 = Release|Any CPU
	EndGlobalSection
	GlobalSection(SolutionProperties) = preSolution
		HideSolutionNode = FALSE
	EndGlobalSection
	GlobalSection(ExtensibilityGlobals) = postSolution
		SolutionGuid = {93D2C0A5-0C62-4BBB-9497-D762475D07FC}
	EndGlobalSection
EndGlobal
